
Microsoft Visual Studio Solution File, Format Version 12.00
# Visual Studio 14
VisualStudioVersion = 14.0.25420.1
MinimumVisualStudioVersion = 10.0.40219.1
Project("{FAE04EC0-301F-11D3-BF4B-00C04F79EFBC}") = "LinScan.WpfUI", "LinScan.WpfUI\LinScan.WpfUI.csproj", "{BDC1B8D7-8FDD-45AB-9F38-937BABA07E4A}"
EndProject
Global
	GlobalSection(SolutionConfigurationPlatforms) = preSolution
		Debug|Any CPU = Debug|Any CPU
		Release|Any CPU = Release|Any CPU
	EndGlobalSection
	GlobalSection(ProjectConfigurationPlatforms) = postSolution
		{BDC1B8D7-8FDD-45AB-9F38-937BABA07E4A}.Debug|Any CPU.ActiveCfg = Debug|Any CPU
		{BDC1B8D7-8FDD-45AB-9F38-937BABA07E4A}.Debug|Any CPU.Build.0 = Debug|Any CPU
		{BDC1B8D7-8FDD-45AB-9F38-937BABA07E4A}.Release|Any CPU.ActiveCfg = Release|Any CPU
		{BDC1B8D7-8FDD-45AB-9F38-937BABA07E4A}.Release|Any CPU.Build.0 = Release|Any CPU
	EndGlobalSection
	GlobalSection(SolutionProperties) = preSolution
		HideSolutionNode = FALSE
	EndGlobalSection
EndGlobal
